
Microsoft Visual Studio Solution File, Format Version 12.00
# Visual Studio Version 17
VisualStudioVersion = 17.9.34728.123
MinimumVisualStudioVersion = 10.0.40219.1
Project("{9A19103F-16F7-4668-BE54-9A1E7A4F7556}") = "SimUDuck", "1. Strategy\SimUDuck\SimUDuck.csproj", "{D1DDF8F2-073B-48A6-B50B-C608F8A60118}"
EndProject
Project("{2150E333-8FDC-42A3-9474-1A3956D46DE8}") = "1. Strategy", "1. Strategy", "{89BDB4A9-AA6D-46A4-BC84-80FD7848623D}"
EndProject
Project("{2150E333-8FDC-42A3-9474-1A3956D46DE8}") = "2. Observer", "2. Observer", "{DA64961F-88EA-4241-9F3C-FB3195EC1040}"
EndProject
Project("{9A19103F-16F7-4668-BE54-9A1E7A4F7556}") = "WeatherMonitoringStation", "2. Observer\Observer\WeatherMonitoringStation.csproj", "{8E43F846-FC01-4C37-8B9F-779E40769AA0}"
EndProject
Project("{2150E333-8FDC-42A3-9474-1A3956D46DE8}") = "3. Decorator", "3. Decorator", "{1F54ED2C-ED6C-4D06-967E-86AD6F3881AD}"
EndProject
Project("{9A19103F-16F7-4668-BE54-9A1E7A4F7556}") = "StarbuzzCoffee", "3. Decorator\StarbuzCoffee\StarbuzzCoffee.csproj", "{2358B3EF-73E2-4AC9-9476-68ED3F55431A}"
EndProject
Project("{2150E333-8FDC-42A3-9474-1A3956D46DE8}") = "4. Factory", "4. Factory", "{E8158209-A9A3-42F0-8BD3-2DA41A1161A7}"
EndProject
Project("{9A19103F-16F7-4668-BE54-9A1E7A4F7556}") = "PizzaStore", "4. Factory\PizzaStore\PizzaStore.csproj", "{0CBD2FCA-533F-4110-AC2E-90F54F454E08}"
EndProject
Project("{9A19103F-16F7-4668-BE54-9A1E7A4F7556}") = "Choc-O-Holic", "5. Singleton\Choc-O-Holic\Choc-O-Holic.csproj", "{03734022-D79F-427B-A57D-64D1FD67E3F7}"
EndProject
Project("{2150E333-8FDC-42A3-9474-1A3956D46DE8}") = "5. Singleton", "5. Singleton", "{C83F55DE-9904-418F-B737-BDE252D09C1D}"
EndProject
Project("{2150E333-8FDC-42A3-9474-1A3956D46DE8}") = "6. Command", "6. Command", "{0A4E5213-CDC0-48BE-9E3C-93515E267D68}"
EndProject
Project("{9A19103F-16F7-4668-BE54-9A1E7A4F7556}") = "HomeAutomation", "6. Command\HomeAutomation\HomeAutomation.csproj", "{D6157B8C-A9EA-4D42-920C-73B818CE78DD}"
EndProject
Project("{2150E333-8FDC-42A3-9474-1A3956D46DE8}") = "7. Adapter and Facade", "7. Adapter and Facade", "{5CED0064-04E9-4117-9318-ECC7273CB34A}"
EndProject
Project("{9A19103F-16F7-4668-BE54-9A1E7A4F7556}") = "Adapter", "7. Adapter and Facade\Adapter\Adapter.csproj", "{35FA918D-F5C4-4624-B29D-F461515843EE}"
EndProject
Project("{9A19103F-16F7-4668-BE54-9A1E7A4F7556}") = "Facade", "7. Adapter and Facade\Facade\Facade.csproj", "{6C18EE8C-CA8B-47C2-A037-044906CA4704}"
EndProject
Project("{2150E333-8FDC-42A3-9474-1A3956D46DE8}") = "8. Template method", "8. Template method", "{8646F2E3-D56D-4266-A315-4CAF791C287D}"
EndProject
Project("{9A19103F-16F7-4668-BE54-9A1E7A4F7556}") = "TemplateMethod", "8. Template method\TemplateMethod\TemplateMethod.csproj", "{57B93625-4C1C-4FDB-BAFA-2CEC158E5F92}"
EndProject
Project("{2150E333-8FDC-42A3-9474-1A3956D46DE8}") = "9. Iterator and Composite", "9. Iterator and Composite", "{4BB15F33-0DA1-4CDB-BF6F-A594353D479D}"
EndProject
Project("{FAE04EC0-301F-11D3-BF4B-00C04F79EFBC}") = "Iterator", "9. Iterator and Composite\Iterator\Iterator.csproj", "{897149CB-962E-44F0-8F7A-74ED866F8A00}"
EndProject
Global
	GlobalSection(SolutionConfigurationPlatforms) = preSolution
		Debug|Any CPU = Debug|Any CPU
		Release|Any CPU = Release|Any CPU
	EndGlobalSection
	GlobalSection(ProjectConfigurationPlatforms) = postSolution
		{D1DDF8F2-073B-48A6-B50B-C608F8A60118}.Debug|Any CPU.ActiveCfg = Debug|Any CPU
		{D1DDF8F2-073B-48A6-B50B-C608F8A60118}.Debug|Any CPU.Build.0 = Debug|Any CPU
		{D1DDF8F2-073B-48A6-B50B-C608F8A60118}.Release|Any CPU.ActiveCfg = Release|Any CPU
		{D1DDF8F2-073B-48A6-B50B-C608F8A60118}.Release|Any CPU.Build.0 = Release|Any CPU
		{8E43F846-FC01-4C37-8B9F-779E40769AA0}.Debug|Any CPU.ActiveCfg = Debug|Any CPU
		{8E43F846-FC01-4C37-8B9F-779E40769AA0}.Debug|Any CPU.Build.0 = Debug|Any CPU
		{8E43F846-FC01-4C37-8B9F-779E40769AA0}.Release|Any CPU.ActiveCfg = Release|Any CPU
		{8E43F846-FC01-4C37-8B9F-779E40769AA0}.Release|Any CPU.Build.0 = Release|Any CPU
		{2358B3EF-73E2-4AC9-9476-68ED3F55431A}.Debug|Any CPU.ActiveCfg = Debug|Any CPU
		{2358B3EF-73E2-4AC9-9476-68ED3F55431A}.Debug|Any CPU.Build.0 = Debug|Any CPU
		{2358B3EF-73E2-4AC9-9476-68ED3F55431A}.Release|Any CPU.ActiveCfg = Release|Any CPU
		{2358B3EF-73E2-4AC9-9476-68ED3F55431A}.Release|Any CPU.Build.0 = Release|Any CPU
		{0CBD2FCA-533F-4110-AC2E-90F54F454E08}.Debug|Any CPU.ActiveCfg = Debug|Any CPU
		{0CBD2FCA-533F-4110-AC2E-90F54F454E08}.Debug|Any CPU.Build.0 = Debug|Any CPU
		{0CBD2FCA-533F-4110-AC2E-90F54F454E08}.Release|Any CPU.ActiveCfg = Release|Any CPU
		{0CBD2FCA-533F-4110-AC2E-90F54F454E08}.Release|Any CPU.Build.0 = Release|Any CPU
		{03734022-D79F-427B-A57D-64D1FD67E3F7}.Debug|Any CPU.ActiveCfg = Debug|Any CPU
		{03734022-D79F-427B-A57D-64D1FD67E3F7}.Debug|Any CPU.Build.0 = Debug|Any CPU
		{03734022-D79F-427B-A57D-64D1FD67E3F7}.Release|Any CPU.ActiveCfg = Release|Any CPU
		{03734022-D79F-427B-A57D-64D1FD67E3F7}.Release|Any CPU.Build.0 = Release|Any CPU
		{D6157B8C-A9EA-4D42-920C-73B818CE78DD}.Debug|Any CPU.ActiveCfg = Debug|Any CPU
		{D6157B8C-A9EA-4D42-920C-73B818CE78DD}.Debug|Any CPU.Build.0 = Debug|Any CPU
		{D6157B8C-A9EA-4D42-920C-73B818CE78DD}.Release|Any CPU.ActiveCfg = Release|Any CPU
		{D6157B8C-A9EA-4D42-920C-73B818CE78DD}.Release|Any CPU.Build.0 = Release|Any CPU
		{35FA918D-F5C4-4624-B29D-F461515843EE}.Debug|Any CPU.ActiveCfg = Debug|Any CPU
		{35FA918D-F5C4-4624-B29D-F461515843EE}.Debug|Any CPU.Build.0 = Debug|Any CPU
		{35FA918D-F5C4-4624-B29D-F461515843EE}.Release|Any CPU.ActiveCfg = Release|Any CPU
		{35FA918D-F5C4-4624-B29D-F461515843EE}.Release|Any CPU.Build.0 = Release|Any CPU
		{6C18EE8C-CA8B-47C2-A037-044906CA4704}.Debug|Any CPU.ActiveCfg = Debug|Any CPU
		{6C18EE8C-CA8B-47C2-A037-044906CA4704}.Debug|Any CPU.Build.0 = Debug|Any CPU
		{6C18EE8C-CA8B-47C2-A037-044906CA4704}.Release|Any CPU.ActiveCfg = Release|Any CPU
		{6C18EE8C-CA8B-47C2-A037-044906CA4704}.Release|Any CPU.Build.0 = Release|Any CPU
		{57B93625-4C1C-4FDB-BAFA-2CEC158E5F92}.Debug|Any CPU.ActiveCfg = Debug|Any CPU
		{57B93625-4C1C-4FDB-BAFA-2CEC158E5F92}.Debug|Any CPU.Build.0 = Debug|Any CPU
		{57B93625-4C1C-4FDB-BAFA-2CEC158E5F92}.Release|Any CPU.ActiveCfg = Release|Any CPU
		{57B93625-4C1C-4FDB-BAFA-2CEC158E5F92}.Release|Any CPU.Build.0 = Release|Any CPU
		{897149CB-962E-44F0-8F7A-74ED866F8A00}.Debug|Any CPU.ActiveCfg = Debug|Any CPU
		{897149CB-962E-44F0-8F7A-74ED866F8A00}.Debug|Any CPU.Build.0 = Debug|Any CPU
		{897149CB-962E-44F0-8F7A-74ED866F8A00}.Release|Any CPU.ActiveCfg = Release|Any CPU
		{897149CB-962E-44F0-8F7A-74ED866F8A00}.Release|Any CPU.Build.0 = Release|Any CPU
	EndGlobalSection
	GlobalSection(SolutionProperties) = preSolution
		HideSolutionNode = FALSE
	EndGlobalSection
	GlobalSection(NestedProjects) = preSolution
		{D1DDF8F2-073B-48A6-B50B-C608F8A60118} = {89BDB4A9-AA6D-46A4-BC84-80FD7848623D}
		{8E43F846-FC01-4C37-8B9F-779E40769AA0} = {DA64961F-88EA-4241-9F3C-FB3195EC1040}
		{2358B3EF-73E2-4AC9-9476-68ED3F55431A} = {1F54ED2C-ED6C-4D06-967E-86AD6F3881AD}
		{0CBD2FCA-533F-4110-AC2E-90F54F454E08} = {E8158209-A9A3-42F0-8BD3-2DA41A1161A7}
		{03734022-D79F-427B-A57D-64D1FD67E3F7} = {C83F55DE-9904-418F-B737-BDE252D09C1D}
		{D6157B8C-A9EA-4D42-920C-73B818CE78DD} = {0A4E5213-CDC0-48BE-9E3C-93515E267D68}
		{35FA918D-F5C4-4624-B29D-F461515843EE} = {5CED0064-04E9-4117-9318-ECC7273CB34A}
		{6C18EE8C-CA8B-47C2-A037-044906CA4704} = {5CED0064-04E9-4117-9318-ECC7273CB34A}
		{57B93625-4C1C-4FDB-BAFA-2CEC158E5F92} = {8646F2E3-D56D-4266-A315-4CAF791C287D}
		{897149CB-962E-44F0-8F7A-74ED866F8A00} = {4BB15F33-0DA1-4CDB-BF6F-A594353D479D}
	EndGlobalSection
	GlobalSection(ExtensibilityGlobals) = postSolution
		SolutionGuid = {B1CCE55B-1945-406B-8420-8FD7D9948E8E}
	EndGlobalSection
EndGlobal
