
Microsoft Visual Studio Solution File, Format Version 12.00
# Visual Studio Version 17
VisualStudioVersion = 17.9.34728.123
MinimumVisualStudioVersion = 10.0.40219.1
Project("{9A19103F-16F7-4668-BE54-9A1E7A4F7556}") = "SimUDuck", "1. Strategy\SimUDuck\SimUDuck.csproj", "{D1DDF8F2-073B-48A6-B50B-C608F8A60118}"
EndProject
Project("{2150E333-8FDC-42A3-9474-1A3956D46DE8}") = "1. Strategy", "1. Strategy", "{89BDB4A9-AA6D-46A4-BC84-80FD7848623D}"
EndProject
Project("{2150E333-8FDC-42A3-9474-1A3956D46DE8}") = "2. Observer", "2. Observer", "{DA64961F-88EA-4241-9F3C-FB3195EC1040}"
EndProject
Project("{9A19103F-16F7-4668-BE54-9A1E7A4F7556}") = "WeatherMonitoringStation", "2. Observer\Observer\WeatherMonitoringStation.csproj", "{8E43F846-FC01-4C37-8B9F-779E40769AA0}"
EndProject
Project("{2150E333-8FDC-42A3-9474-1A3956D46DE8}") = "3. Decorator", "3. Decorator", "{1F54ED2C-ED6C-4D06-967E-86AD6F3881AD}"
EndProject
Project("{9A19103F-16F7-4668-BE54-9A1E7A4F7556}") = "StarbuzzCoffee", "3. Decorator\StarbuzCoffee\StarbuzzCoffee.csproj", "{2358B3EF-73E2-4AC9-9476-68ED3F55431A}"
EndProject
Project("{2150E333-8FDC-42A3-9474-1A3956D46DE8}") = "4. Factory", "4. Factory", "{E8158209-A9A3-42F0-8BD3-2DA41A1161A7}"
EndProject
Project("{9A19103F-16F7-4668-BE54-9A1E7A4F7556}") = "PizzaStore", "4. Factory\PizzaStore\PizzaStore.csproj", "{0CBD2FCA-533F-4110-AC2E-90F54F454E08}"
EndProject
Project("{9A19103F-16F7-4668-BE54-9A1E7A4F7556}") = "Choc-O-Holic", "5. Singleton\Choc-O-Holic\Choc-O-Holic.csproj", "{03734022-D79F-427B-A57D-64D1FD67E3F7}"
EndProject
Project("{2150E333-8FDC-42A3-9474-1A3956D46DE8}") = "5. Singleton", "5. Singleton", "{C83F55DE-9904-418F-B737-BDE252D09C1D}"
EndProject
Global
	GlobalSection(SolutionConfigurationPlatforms) = preSolution
		Debug|Any CPU = Debug|Any CPU
		Release|Any CPU = Release|Any CPU
	EndGlobalSection
	GlobalSection(ProjectConfigurationPlatforms) = postSolution
		{D1DDF8F2-073B-48A6-B50B-C608F8A60118}.Debug|Any CPU.ActiveCfg = Debug|Any CPU
		{D1DDF8F2-073B-48A6-B50B-C608F8A60118}.Debug|Any CPU.Build.0 = Debug|Any CPU
		{D1DDF8F2-073B-48A6-B50B-C608F8A60118}.Release|Any CPU.ActiveCfg = Release|Any CPU
		{D1DDF8F2-073B-48A6-B50B-C608F8A60118}.Release|Any CPU.Build.0 = Release|Any CPU
		{8E43F846-FC01-4C37-8B9F-779E40769AA0}.Debug|Any CPU.ActiveCfg = Debug|Any CPU
		{8E43F846-FC01-4C37-8B9F-779E40769AA0}.Debug|Any CPU.Build.0 = Debug|Any CPU
		{8E43F846-FC01-4C37-8B9F-779E40769AA0}.Release|Any CPU.ActiveCfg = Release|Any CPU
		{8E43F846-FC01-4C37-8B9F-779E40769AA0}.Release|Any CPU.Build.0 = Release|Any CPU
		{2358B3EF-73E2-4AC9-9476-68ED3F55431A}.Debug|Any CPU.ActiveCfg = Debug|Any CPU
		{2358B3EF-73E2-4AC9-9476-68ED3F55431A}.Debug|Any CPU.Build.0 = Debug|Any CPU
		{2358B3EF-73E2-4AC9-9476-68ED3F55431A}.Release|Any CPU.ActiveCfg = Release|Any CPU
		{2358B3EF-73E2-4AC9-9476-68ED3F55431A}.Release|Any CPU.Build.0 = Release|Any CPU
		{0CBD2FCA-533F-4110-AC2E-90F54F454E08}.Debug|Any CPU.ActiveCfg = Debug|Any CPU
		{0CBD2FCA-533F-4110-AC2E-90F54F454E08}.Debug|Any CPU.Build.0 = Debug|Any CPU
		{0CBD2FCA-533F-4110-AC2E-90F54F454E08}.Release|Any CPU.ActiveCfg = Release|Any CPU
		{0CBD2FCA-533F-4110-AC2E-90F54F454E08}.Release|Any CPU.Build.0 = Release|Any CPU
		{03734022-D79F-427B-A57D-64D1FD67E3F7}.Debug|Any CPU.ActiveCfg = Debug|Any CPU
		{03734022-D79F-427B-A57D-64D1FD67E3F7}.Debug|Any CPU.Build.0 = Debug|Any CPU
		{03734022-D79F-427B-A57D-64D1FD67E3F7}.Release|Any CPU.ActiveCfg = Release|Any CPU
		{03734022-D79F-427B-A57D-64D1FD67E3F7}.Release|Any CPU.Build.0 = Release|Any CPU
	EndGlobalSection
	GlobalSection(SolutionProperties) = preSolution
		HideSolutionNode = FALSE
	EndGlobalSection
	GlobalSection(NestedProjects) = preSolution
		{D1DDF8F2-073B-48A6-B50B-C608F8A60118} = {89BDB4A9-AA6D-46A4-BC84-80FD7848623D}
		{8E43F846-FC01-4C37-8B9F-779E40769AA0} = {DA64961F-88EA-4241-9F3C-FB3195EC1040}
		{2358B3EF-73E2-4AC9-9476-68ED3F55431A} = {1F54ED2C-ED6C-4D06-967E-86AD6F3881AD}
		{0CBD2FCA-533F-4110-AC2E-90F54F454E08} = {E8158209-A9A3-42F0-8BD3-2DA41A1161A7}
		{03734022-D79F-427B-A57D-64D1FD67E3F7} = {C83F55DE-9904-418F-B737-BDE252D09C1D}
	EndGlobalSection
	GlobalSection(ExtensibilityGlobals) = postSolution
		SolutionGuid = {B1CCE55B-1945-406B-8420-8FD7D9948E8E}
	EndGlobalSection
EndGlobal
